
Microsoft Visual Studio Solution File, Format Version 12.00
# Visual Studio Version 17
VisualStudioVersion = 17.5.33516.290
MinimumVisualStudioVersion = 10.0.40219.1
Project("{FAE04EC0-301F-11D3-BF4B-00C04F79EFBC}") = "Shopping.Client", "Shopping.Client\Shopping.Client.csproj", "{F9B18AE3-CB42-406B-947A-25FFEC0C963E}"
EndProject
Project("{FAE04EC0-301F-11D3-BF4B-00C04F79EFBC}") = "Shopping.API", "Shopping.API\Shopping.API.csproj", "{C26FF097-6655-4066-9BFF-6BE810AC449A}"
EndProject
Project("{E53339B2-1760-4266-BCC7-CA923CBCF16C}") = "docker-compose", "docker-compose.dcproj", "{9C5D5162-560F-4DFD-B391-DC914F6E8796}"
EndProject
Global
	GlobalSection(SolutionConfigurationPlatforms) = preSolution
		Debug|Any CPU = Debug|Any CPU
		Release|Any CPU = Release|Any CPU
	EndGlobalSection
	GlobalSection(ProjectConfigurationPlatforms) = postSolution
		{F9B18AE3-CB42-406B-947A-25FFEC0C963E}.Debug|Any CPU.ActiveCfg = Debug|Any CPU
		{F9B18AE3-CB42-406B-947A-25FFEC0C963E}.Debug|Any CPU.Build.0 = Debug|Any CPU
		{F9B18AE3-CB42-406B-947A-25FFEC0C963E}.Release|Any CPU.ActiveCfg = Release|Any CPU
		{F9B18AE3-CB42-406B-947A-25FFEC0C963E}.Release|Any CPU.Build.0 = Release|Any CPU
		{C26FF097-6655-4066-9BFF-6BE810AC449A}.Debug|Any CPU.ActiveCfg = Debug|Any CPU
		{C26FF097-6655-4066-9BFF-6BE810AC449A}.Debug|Any CPU.Build.0 = Debug|Any CPU
		{C26FF097-6655-4066-9BFF-6BE810AC449A}.Release|Any CPU.ActiveCfg = Release|Any CPU
		{C26FF097-6655-4066-9BFF-6BE810AC449A}.Release|Any CPU.Build.0 = Release|Any CPU
		{9C5D5162-560F-4DFD-B391-DC914F6E8796}.Debug|Any CPU.ActiveCfg = Debug|Any CPU
		{9C5D5162-560F-4DFD-B391-DC914F6E8796}.Debug|Any CPU.Build.0 = Debug|Any CPU
		{9C5D5162-560F-4DFD-B391-DC914F6E8796}.Release|Any CPU.ActiveCfg = Release|Any CPU
		{9C5D5162-560F-4DFD-B391-DC914F6E8796}.Release|Any CPU.Build.0 = Release|Any CPU
	EndGlobalSection
	GlobalSection(SolutionProperties) = preSolution
		HideSolutionNode = FALSE
	EndGlobalSection
	GlobalSection(ExtensibilityGlobals) = postSolution
		SolutionGuid = {F01F40CD-3C90-4F4E-9B19-EA82C1DFF1B2}
	EndGlobalSection
EndGlobal
